<?xml version="1.0" encoding="utf-8"?>
<Project ToolsVersion="4.0" xmlns="http://schemas.microsoft.com/developer/msbuild/2003">
  <ItemGroup>
    <Filter Include="Source Files">
      <UniqueIdentifier>{4FC737F1-C7A5-4376-A066-2A32D752A2FF}</UniqueIdentifier>
      <Extensions>cpp;c;cc;cxx;def;odl;idl;hpj;bat;asm;asmx</Extensions>
    </Filter>
    <Filter Include="Header Files">
      <UniqueIdentifier>{93995380-89BD-4b04-88EB-625FBE52EBFB}</UniqueIdentifier>
      <Extensions>h;hh;hpp;hxx;hm;inl;inc;xsd</Extensions>
    </Filter>
    <Filter Include="Resource Files">
      <UniqueIdentifier>{D9D6E242-F8AF-46E4-B9FD-80ECBC20BA3E}</UniqueIdentifier>
      <Extensions>qrc;*</Extensions>
      <ParseFiles>false</ParseFiles>
    </Filter>
    <Filter Include="Form Files">
      <UniqueIdentifier>{99349809-55BA-4b9d-BF79-8FDBB0286EB3}</UniqueIdentifier>
      <Extensions>ui</Extensions>
    </Filter>
    <Filter Include="Resource Files">
      <UniqueIdentifier>{D9D6E242-F8AF-46E4-B9FD-80ECBC20BA3E}</UniqueIdentifier>
      <Extensions>qrc;*</Extensions>
      <ParseFiles>false</ParseFiles>
    </Filter>
    <Filter Include="Generated Files">
      <UniqueIdentifier>{71ED8ED8-ACB9-4CE9-BBE1-E00B30144E11}</UniqueIdentifier>
      <Extensions>moc;h;cpp</Extensions>
      <SourceControlFiles>False</SourceControlFiles>
    </Filter>
    <Filter Include="Generated Files\Debug">
      <UniqueIdentifier>{a1d242ce-9850-4ce9-83a6-21c1ef45df8f}</UniqueIdentifier>
      <Extensions>cpp;moc</Extensions>
      <SourceControlFiles>False</SourceControlFiles>
    </Filter>
    <Filter Include="Generated Files\Release">
      <UniqueIdentifier>{0ea6b161-09a4-46d7-ac62-fe09590cc824}</UniqueIdentifier>
      <Extensions>cpp;moc</Extensions>
      <SourceControlFiles>False</SourceControlFiles>
    </Filter>
    <Filter Include="Lobelia">
      <UniqueIdentifier>{057708f4-6c44-4aaa-bae4-a24c48633eb6}</UniqueIdentifier>
    </Filter>
  </ItemGroup>
  <ItemGroup>
    <ClCompile Include="main.cpp">
      <Filter>Source Files</Filter>
    </ClCompile>
    <ClCompile Include="Tool.cpp">
      <Filter>Source Files</Filter>
    </ClCompile>
    <ClCompile Include="GeneratedFiles\Debug\moc_Tool.cpp">
      <Filter>Generated Files\Debug</Filter>
    </ClCompile>
    <ClCompile Include="GeneratedFiles\Release\moc_Tool.cpp">
      <Filter>Generated Files\Release</Filter>
    </ClCompile>
    <ClCompile Include="GeneratedFiles\qrc_Tool.cpp">
      <Filter>Generated Files</Filter>
    </ClCompile>
    <ClCompile Include="Lobelia\Exception\Exception.cpp">
      <Filter>Lobelia</Filter>
    </ClCompile>
    <ClCompile Include="Lobelia\Graphics\BufferCreator\BufferCreator.cpp">
      <Filter>Lobelia</Filter>
    </ClCompile>
    <ClCompile Include="Lobelia\Graphics\Device\Device.cpp">
      <Filter>Lobelia</Filter>
    </ClCompile>
    <ClCompile Include="Lobelia\Graphics\DisplayInfo\DisplayInfo.cpp">
      <Filter>Lobelia</Filter>
    </ClCompile>
    <ClCompile Include="Lobelia\Graphics\Environment\Environment.cpp">
      <Filter>Lobelia</Filter>
    </ClCompile>
    <ClCompile Include="Lobelia\Graphics\GraphicDriverInfo\GraphicDriverInfo.cpp">
      <Filter>Lobelia</Filter>
    </ClCompile>
    <ClCompile Include="Lobelia\Graphics\InputLayout\InputLayout.cpp">
      <Filter>Lobelia</Filter>
    </ClCompile>
    <ClCompile Include="Lobelia\Graphics\Material\Material.cpp">
      <Filter>Lobelia</Filter>
    </ClCompile>
    <ClCompile Include="Lobelia\Graphics\Model\Model.cpp">
      <Filter>Lobelia</Filter>
    </ClCompile>
    <ClCompile Include="Lobelia\Graphics\Pipeline\Pipeline.cpp">
      <Filter>Lobelia</Filter>
    </ClCompile>
    <ClCompile Include="Lobelia\Graphics\Renderer\Renderer.cpp">
      <Filter>Lobelia</Filter>
    </ClCompile>
    <ClCompile Include="Lobelia\Graphics\RenderState\RenderState.cpp">
      <Filter>Lobelia</Filter>
    </ClCompile>
    <ClCompile Include="Lobelia\Graphics\RenderTarget\RenderTarget.cpp">
      <Filter>Lobelia</Filter>
    </ClCompile>
    <ClCompile Include="Lobelia\Graphics\Shader\Reflection\Reflection.cpp">
      <Filter>Lobelia</Filter>
    </ClCompile>
    <ClCompile Include="Lobelia\Graphics\Shader\Shader.cpp">
      <Filter>Lobelia</Filter>
    </ClCompile>
    <ClCompile Include="Lobelia\Graphics\Sprite\Sprite.cpp">
      <Filter>Lobelia</Filter>
    </ClCompile>
    <ClCompile Include="Lobelia\Graphics\SwapChain\SwapChain.cpp">
      <Filter>Lobelia</Filter>
    </ClCompile>
    <ClCompile Include="Lobelia\Graphics\SwapChain\ToneCurve\ToneCurve.cpp">
      <Filter>Lobelia</Filter>
    </ClCompile>
    <ClCompile Include="Lobelia\Graphics\Texture\Texture.cpp">
      <Filter>Lobelia</Filter>
    </ClCompile>
    <ClCompile Include="Lobelia\Graphics\View\View.cpp">
      <Filter>Lobelia</Filter>
    </ClCompile>
    <ClCompile Include="Lobelia\Common\Utility\FileController\FileController.cpp">
      <Filter>Lobelia</Filter>
    </ClCompile>
    <ClCompile Include="Lobelia\Common\Utility\FilePathControl\FilePathControl.cpp">
      <Filter>Lobelia</Filter>
    </ClCompile>
    <ClCompile Include="Lobelia\Common\Window\Window.cpp">
      <Filter>Lobelia</Filter>
    </ClCompile>
  </ItemGroup>
  <ItemGroup>
    <CustomBuild Include="Tool.h">
      <Filter>Header Files</Filter>
    </CustomBuild>
    <CustomBuild Include="Tool.ui">
      <Filter>Form Files</Filter>
    </CustomBuild>
    <CustomBuild Include="Tool.qrc">
      <Filter>Resource Files</Filter>
    </CustomBuild>
  </ItemGroup>
  <ItemGroup>
    <ClInclude Include="GeneratedFiles\ui_Tool.h">
      <Filter>Generated Files</Filter>
    </ClInclude>
    <ClInclude Include="Lobelia\Exception\Exception.hpp">
      <Filter>Lobelia</Filter>
    </ClInclude>
    <ClInclude Include="Lobelia\Graphics\BufferCreator\BufferCreator.h">
      <Filter>Lobelia</Filter>
    </ClInclude>
    <ClInclude Include="Lobelia\Graphics\ConstantBuffer\ConstantBuffer.hpp">
      <Filter>Lobelia</Filter>
    </ClInclude>
    <ClInclude Include="Lobelia\Graphics\ConstantBuffer\ShaderStageList.hpp">
      <Filter>Lobelia</Filter>
    </ClInclude>
    <ClInclude Include="Lobelia\Graphics\Device\Device.hpp">
      <Filter>Lobelia</Filter>
    </ClInclude>
    <ClInclude Include="Lobelia\Graphics\DisplayInfo\DisplayInfo.hpp">
      <Filter>Lobelia</Filter>
    </ClInclude>
    <ClInclude Include="Lobelia\Graphics\Environment\Environment.hpp">
      <Filter>Lobelia</Filter>
    </ClInclude>
    <ClInclude Include="Lobelia\Graphics\GraphicDriverInfo\GraphicDriverInfo.hpp">
      <Filter>Lobelia</Filter>
    </ClInclude>
    <ClInclude Include="Lobelia\Graphics\InputLayout\InputLayout.hpp">
      <Filter>Lobelia</Filter>
    </ClInclude>
    <ClInclude Include="Lobelia\Graphics\Material\Material.hpp">
      <Filter>Lobelia</Filter>
    </ClInclude>
    <ClInclude Include="Lobelia\Graphics\Mesh\Mesh.hpp">
      <Filter>Lobelia</Filter>
    </ClInclude>
    <ClInclude Include="Lobelia\Graphics\Model\Model.hpp">
      <Filter>Lobelia</Filter>
    </ClInclude>
    <ClInclude Include="Lobelia\Graphics\Origin\Origin.hpp">
      <Filter>Lobelia</Filter>
    </ClInclude>
    <ClInclude Include="Lobelia\Graphics\Pipeline\Pipeline.hpp">
      <Filter>Lobelia</Filter>
    </ClInclude>
    <ClInclude Include="Lobelia\Graphics\Renderer\Renderer.hpp">
      <Filter>Lobelia</Filter>
    </ClInclude>
    <ClInclude Include="Lobelia\Graphics\RenderState\RenderState.hpp">
      <Filter>Lobelia</Filter>
    </ClInclude>
    <ClInclude Include="Lobelia\Graphics\RenderTarget\RenderTarget.hpp">
      <Filter>Lobelia</Filter>
    </ClInclude>
    <ClInclude Include="Lobelia\Graphics\Shader\Reflection\Reflection.hpp">
      <Filter>Lobelia</Filter>
    </ClInclude>
    <ClInclude Include="Lobelia\Graphics\Shader\Shader.hpp">
      <Filter>Lobelia</Filter>
    </ClInclude>
    <ClInclude Include="Lobelia\Graphics\Shader\ShaderBank.hpp">
      <Filter>Lobelia</Filter>
    </ClInclude>
    <ClInclude Include="Lobelia\Graphics\Sprite\Sprite.hpp">
      <Filter>Lobelia</Filter>
    </ClInclude>
    <ClInclude Include="Lobelia\Graphics\SwapChain\SwapChain.hpp">
      <Filter>Lobelia</Filter>
    </ClInclude>
    <ClInclude Include="Lobelia\Graphics\SwapChain\ToneCurve\ToneCurve.hpp">
      <Filter>Lobelia</Filter>
    </ClInclude>
    <ClInclude Include="Lobelia\Graphics\Texture\Texture.hpp">
      <Filter>Lobelia</Filter>
    </ClInclude>
    <ClInclude Include="Lobelia\Graphics\Transform\Transform.hpp">
      <Filter>Lobelia</Filter>
    </ClInclude>
    <ClInclude Include="Lobelia\Graphics\View\View.hpp">
      <Filter>Lobelia</Filter>
    </ClInclude>
    <ClInclude Include="Lobelia\Math\Math.hpp">
      <Filter>Lobelia</Filter>
    </ClInclude>
    <ClInclude Include="Lobelia\Common\Common.hpp">
      <Filter>Lobelia</Filter>
    </ClInclude>
    <ClInclude Include="Lobelia\Common\Define\Define.hpp">
      <Filter>Lobelia</Filter>
    </ClInclude>
    <ClInclude Include="Lobelia\Common\Timer\Timer.h">
      <Filter>Lobelia</Filter>
    </ClInclude>
    <ClInclude Include="Lobelia\Common\Utility\Color.hpp">
      <Filter>Lobelia</Filter>
    </ClInclude>
    <ClInclude Include="Lobelia\Common\Utility\FileController\FileController.hpp">
      <Filter>Lobelia</Filter>
    </ClInclude>
    <ClInclude Include="Lobelia\Common\Utility\FilePathControl\FilePathControl.hpp">
      <Filter>Lobelia</Filter>
    </ClInclude>
    <ClInclude Include="Lobelia\Common\Utility\ResourceBank\ResourceBank.h">
      <Filter>Lobelia</Filter>
    </ClInclude>
    <ClInclude Include="Lobelia\Common\Utility\ResourceBank\ResourceBank.hpp">
      <Filter>Lobelia</Filter>
    </ClInclude>
    <ClInclude Include="Lobelia\Common\Utility\Singleton.hpp">
      <Filter>Lobelia</Filter>
    </ClInclude>
    <ClInclude Include="Lobelia\Common\Utility\Utility.hpp">
      <Filter>Lobelia</Filter>
    </ClInclude>
    <ClInclude Include="Lobelia\Common\Window\Window.h">
      <Filter>Lobelia</Filter>
    </ClInclude>
    <ClInclude Include="Lobelia\Lobelia.hpp">
      <Filter>Lobelia</Filter>
    </ClInclude>
  </ItemGroup>
  <ItemGroup>
    <None Include="Lobelia\Graphics\ConstantBuffer\ConstantBuffer.inl">
      <Filter>Lobelia</Filter>
    </None>
    <None Include="Lobelia\Graphics\Mesh\Mesh.inl">
      <Filter>Lobelia</Filter>
    </None>
    <None Include="Lobelia\Graphics\Origin\Origin.inl">
      <Filter>Lobelia</Filter>
    </None>
    <None Include="Lobelia\Graphics\Shader\ShaderBank.inl">
      <Filter>Lobelia</Filter>
    </None>
    <None Include="Lobelia\Common\Timer\Timer.inl">
      <Filter>Lobelia</Filter>
    </None>
    <None Include="Lobelia\Common\Utility\FileController\FileController.inl">
      <Filter>Lobelia</Filter>
    </None>
    <None Include="Lobelia\Common\Utility\ResourceBank\ResourceBank.inl">
      <Filter>Lobelia</Filter>
    </None>
    <None Include="Lobelia\Common\Window\Window.inl">
      <Filter>Lobelia</Filter>
    </None>
  </ItemGroup>
</Project>